// !$*UTF8*$!
{
	archiveVersion = 1;
	classes = {
	};
	objectVersion = 46;
	objects = {

/* Begin PBXBuildFile section */
		62DF26BA19CABE8100745DE4 /* Foundation.framework in Frameworks */ = {isa = PBXBuildFile; fileRef = 62DF26B919CABE8100745DE4 /* Foundation.framework */; };
		62DF26BC19CABE8100745DE4 /* CoreGraphics.framework in Frameworks */ = {isa = PBXBuildFile; fileRef = 62DF26BB19CABE8100745DE4 /* CoreGraphics.framework */; };
		62DF26BE19CABE8100745DE4 /* UIKit.framework in Frameworks */ = {isa = PBXBuildFile; fileRef = 62DF26BD19CABE8100745DE4 /* UIKit.framework */; };
		62DF26C419CABE8100745DE4 /* InfoPlist.strings in Resources */ = {isa = PBXBuildFile; fileRef = 62DF26C219CABE8100745DE4 /* InfoPlist.strings */; };
		62DF26C619CABE8100745DE4 /* main.m in Sources */ = {isa = PBXBuildFile; fileRef = 62DF26C519CABE8100745DE4 /* main.m */; };
		62DF26CA19CABE8100745DE4 /* AppDelegate.m in Sources */ = {isa = PBXBuildFile; fileRef = 62DF26C919CABE8100745DE4 /* AppDelegate.m */; };
		62DF26CD19CABE8100745DE4 /* Main.storyboard in Resources */ = {isa = PBXBuildFile; fileRef = 62DF26CB19CABE8100745DE4 /* Main.storyboard */; };
		62DF26D019CABE8100745DE4 /* ViewController.m in Sources */ = {isa = PBXBuildFile; fileRef = 62DF26CF19CABE8100745DE4 /* ViewController.m */; };
		62DF26D219CABE8100745DE4 /* Images.xcassets in Resources */ = {isa = PBXBuildFile; fileRef = 62DF26D119CABE8100745DE4 /* Images.xcassets */; };
		62DF26D919CABE8200745DE4 /* XCTest.framework in Frameworks */ = {isa = PBXBuildFile; fileRef = 62DF26D819CABE8200745DE4 /* XCTest.framework */; };
		62DF26DA19CABE8200745DE4 /* Foundation.framework in Frameworks */ = {isa = PBXBuildFile; fileRef = 62DF26B919CABE8100745DE4 /* Foundation.framework */; };
		62DF26DB19CABE8200745DE4 /* UIKit.framework in Frameworks */ = {isa = PBXBuildFile; fileRef = 62DF26BD19CABE8100745DE4 /* UIKit.framework */; };
		62DF26E319CABE8200745DE4 /* InfoPlist.strings in Resources */ = {isa = PBXBuildFile; fileRef = 62DF26E119CABE8200745DE4 /* InfoPlist.strings */; };
		62DF26E519CABE8200745DE4 /* GitDemoTests.m in Sources */ = {isa = PBXBuildFile; fileRef = 62DF26E419CABE8200745DE4 /* GitDemoTests.m */; };
		62DF26F019CAC62000745DE4 /* TestClass.m in Sources */ = {isa = PBXBuildFile; fileRef = 62DF26EF19CAC62000745DE4 /* TestClass.m */; };
/* End PBXBuildFile section */

/* Begin PBXContainerItemProxy section */
		62DF26DC19CABE8200745DE4 /* PBXContainerItemProxy */ = {
			isa = PBXContainerItemProxy;
			containerPortal = 62DF26AE19CABE8100745DE4 /* Project object */;
			proxyType = 1;
			remoteGlobalIDString = 62DF26B519CABE8100745DE4;
			remoteInfo = GitDemo;
		};
/* End PBXContainerItemProxy section */

/* Begin PBXFileReference section */
		62DF26B619CABE8100745DE4 /* GitDemo.app */ = {isa = PBXFileReference; explicitFileType = wrapper.application; includeInIndex = 0; path = GitDemo.app; sourceTree = BUILT_PRODUCTS_DIR; };
		62DF26B919CABE8100745DE4 /* Foundation.framework */ = {isa = PBXFileReference; lastKnownFileType = wrapper.framework; name = Foundation.framework; path = System/Library/Frameworks/Foundation.framework; sourceTree = SDKROOT; };
		62DF26BB19CABE8100745DE4 /* CoreGraphics.framework */ = {isa = PBXFileReference; lastKnownFileType = wrapper.framework; name = CoreGraphics.framework; path = System/Library/Frameworks/CoreGraphics.framework; sourceTree = SDKROOT; };
		62DF26BD19CABE8100745DE4 /* UIKit.framework */ = {isa = PBXFileReference; lastKnownFileType = wrapper.framework; name = UIKit.framework; path = System/Library/Frameworks/UIKit.framework; sourceTree = SDKROOT; };
		62DF26C119CABE8100745DE4 /* GitDemo-Info.plist */ = {isa = PBXFileReference; lastKnownFileType = text.plist.xml; path = "GitDemo-Info.plist"; sourceTree = "<group>"; };
		62DF26C319CABE8100745DE4 /* en */ = {isa = PBXFileReference; lastKnownFileType = text.plist.strings; name = en; path = en.lproj/InfoPlist.strings; sourceTree = "<group>"; };
		62DF26C519CABE8100745DE4 /* main.m */ = {isa = PBXFileReference; lastKnownFileType = sourcecode.c.objc; path = main.m; sourceTree = "<group>"; };
		62DF26C719CABE8100745DE4 /* GitDemo-Prefix.pch */ = {isa = PBXFileReference; lastKnownFileType = sourcecode.c.h; path = "GitDemo-Prefix.pch"; sourceTree = "<group>"; };
		62DF26C819CABE8100745DE4 /* AppDelegate.h */ = {isa = PBXFileReference; lastKnownFileType = sourcecode.c.h; path = AppDelegate.h; sourceTree = "<group>"; };
		62DF26C919CABE8100745DE4 /* AppDelegate.m */ = {isa = PBXFileReference; lastKnownFileType = sourcecode.c.objc; path = AppDelegate.m; sourceTree = "<group>"; };
		62DF26CC19CABE8100745DE4 /* Base */ = {isa = PBXFileReference; lastKnownFileType = file.storyboard; name = Base; path = Base.lproj/Main.storyboard; sourceTree = "<group>"; };
		62DF26CE19CABE8100745DE4 /* ViewController.h */ = {isa = PBXFileReference; lastKnownFileType = sourcecode.c.h; path = ViewController.h; sourceTree = "<group>"; };
		62DF26CF19CABE8100745DE4 /* ViewController.m */ = {isa = PBXFileReference; lastKnownFileType = sourcecode.c.objc; path = ViewController.m; sourceTree = "<group>"; };
		62DF26D119CABE8100745DE4 /* Images.xcassets */ = {isa = PBXFileReference; lastKnownFileType = folder.assetcatalog; path = Images.xcassets; sourceTree = "<group>"; };
		62DF26D719CABE8200745DE4 /* GitDemoTests.xctest */ = {isa = PBXFileReference; explicitFileType = wrapper.cfbundle; includeInIndex = 0; path = GitDemoTests.xctest; sourceTree = BUILT_PRODUCTS_DIR; };
		62DF26D819CABE8200745DE4 /* XCTest.framework */ = {isa = PBXFileReference; lastKnownFileType = wrapper.framework; name = XCTest.framework; path = Library/Frameworks/XCTest.framework; sourceTree = DEVELOPER_DIR; };
		62DF26E019CABE8200745DE4 /* GitDemoTests-Info.plist */ = {isa = PBXFileReference; lastKnownFileType = text.plist.xml; path = "GitDemoTests-Info.plist"; sourceTree = "<group>"; };
		62DF26E219CABE8200745DE4 /* en */ = {isa = PBXFileReference; lastKnownFileType = text.plist.strings; name = en; path = en.lproj/InfoPlist.strings; sourceTree = "<group>"; };
		62DF26E419CABE8200745DE4 /* GitDemoTests.m */ = {isa = PBXFileReference; lastKnownFileType = sourcecode.c.objc; path = GitDemoTests.m; sourceTree = "<group>"; };
		62DF26EE19CAC62000745DE4 /* TestClass.h */ = {isa = PBXFileReference; fileEncoding = 4; lastKnownFileType = sourcecode.c.h; path = TestClass.h; sourceTree = "<group>"; };
		62DF26EF19CAC62000745DE4 /* TestClass.m */ = {isa = PBXFileReference; fileEncoding = 4; lastKnownFileType = sourcecode.c.objc; path = TestClass.m; sourceTree = "<group>"; };
/* End PBXFileReference section */

/* Begin PBXFrameworksBuildPhase section */
		62DF26B319CABE8100745DE4 /* Frameworks */ = {
			isa = PBXFrameworksBuildPhase;
			buildActionMask = 2147483647;
			files = (
				62DF26BC19CABE8100745DE4 /* CoreGraphics.framework in Frameworks */,
				62DF26BE19CABE8100745DE4 /* UIKit.framework in Frameworks */,
				62DF26BA19CABE8100745DE4 /* Foundation.framework in Frameworks */,
			);
			runOnlyForDeploymentPostprocessing = 0;
		};
		62DF26D419CABE8200745DE4 /* Frameworks */ = {
			isa = PBXFrameworksBuildPhase;
			buildActionMask = 2147483647;
			files = (
				62DF26D919CABE8200745DE4 /* XCTest.framework in Frameworks */,
				62DF26DB19CABE8200745DE4 /* UIKit.framework in Frameworks */,
				62DF26DA19CABE8200745DE4 /* Foundation.framework in Frameworks */,
			);
			runOnlyForDeploymentPostprocessing = 0;
		};
/* End PBXFrameworksBuildPhase section */

/* Begin PBXGroup section */
		62DF26AD19CABE8100745DE4 = {
			isa = PBXGroup;
			children = (
				62DF26BF19CABE8100745DE4 /* GitDemo */,
				62DF26DE19CABE8200745DE4 /* GitDemoTests */,
				62DF26B819CABE8100745DE4 /* Frameworks */,
				62DF26B719CABE8100745DE4 /* Products */,
			);
			sourceTree = "<group>";
		};
		62DF26B719CABE8100745DE4 /* Products */ = {
			isa = PBXGroup;
			children = (
				62DF26B619CABE8100745DE4 /* GitDemo.app */,
				62DF26D719CABE8200745DE4 /* GitDemoTests.xctest */,
			);
			name = Products;
			sourceTree = "<group>";
		};
		62DF26B819CABE8100745DE4 /* Frameworks */ = {
			isa = PBXGroup;
			children = (
				62DF26B919CABE8100745DE4 /* Foundation.framework */,
				62DF26BB19CABE8100745DE4 /* CoreGraphics.framework */,
				62DF26BD19CABE8100745DE4 /* UIKit.framework */,
				62DF26D819CABE8200745DE4 /* XCTest.framework */,
			);
			name = Frameworks;
			sourceTree = "<group>";
		};
		62DF26BF19CABE8100745DE4 /* GitDemo */ = {
			isa = PBXGroup;
			children = (
				62DF26C819CABE8100745DE4 /* AppDelegate.h */,
				62DF26C919CABE8100745DE4 /* AppDelegate.m */,
				62DF26CB19CABE8100745DE4 /* Main.storyboard */,
				62DF26CE19CABE8100745DE4 /* ViewController.h */,
				62DF26CF19CABE8100745DE4 /* ViewController.m */,
				62DF26EE19CAC62000745DE4 /* TestClass.h */,
				62DF26EF19CAC62000745DE4 /* TestClass.m */,
				62DF26D119CABE8100745DE4 /* Images.xcassets */,
				62DF26C019CABE8100745DE4 /* Supporting Files */,
			);
			path = GitDemo;
			sourceTree = "<group>";
		};
		62DF26C019CABE8100745DE4 /* Supporting Files */ = {
			isa = PBXGroup;
			children = (
				62DF26C119CABE8100745DE4 /* GitDemo-Info.plist */,
				62DF26C219CABE8100745DE4 /* InfoPlist.strings */,
				62DF26C519CABE8100745DE4 /* main.m */,
				62DF26C719CABE8100745DE4 /* GitDemo-Prefix.pch */,
			);
			name = "Supporting Files";
			sourceTree = "<group>";
		};
		62DF26DE19CABE8200745DE4 /* GitDemoTests */ = {
			isa = PBXGroup;
			children = (
				62DF26E419CABE8200745DE4 /* GitDemoTests.m */,
				62DF26DF19CABE8200745DE4 /* Supporting Files */,
			);
			path = GitDemoTests;
			sourceTree = "<group>";
		};
		62DF26DF19CABE8200745DE4 /* Supporting Files */ = {
			isa = PBXGroup;
			children = (
				62DF26E019CABE8200745DE4 /* GitDemoTests-Info.plist */,
				62DF26E119CABE8200745DE4 /* InfoPlist.strings */,
			);
			name = "Supporting Files";
			sourceTree = "<group>";
		};
/* End PBXGroup section */

/* Begin PBXNativeTarget section */
		62DF26B519CABE8100745DE4 /* GitDemo */ = {
			isa = PBXNativeTarget;
			buildConfigurationList = 62DF26E819CABE8200745DE4 /* Build configuration list for PBXNativeTarget "GitDemo" */;
			buildPhases = (
				62DF26B219CABE8100745DE4 /* Sources */,
				62DF26B319CABE8100745DE4 /* Frameworks */,
				62DF26B419CABE8100745DE4 /* Resources */,
			);
			buildRules = (
			);
			dependencies = (
			);
			name = GitDemo;
			productName = GitDemo;
			productReference = 62DF26B619CABE8100745DE4 /* GitDemo.app */;
			productType = "com.apple.product-type.application";
		};
		62DF26D619CABE8200745DE4 /* GitDemoTests */ = {
			isa = PBXNativeTarget;
			buildConfigurationList = 62DF26EB19CABE8200745DE4 /* Build configuration list for PBXNativeTarget "GitDemoTests" */;
			buildPhases = (
				62DF26D319CABE8200745DE4 /* Sources */,
				62DF26D419CABE8200745DE4 /* Frameworks */,
				62DF26D519CABE8200745DE4 /* Resources */,
			);
			buildRules = (
			);
			dependencies = (
				62DF26DD19CABE8200745DE4 /* PBXTargetDependency */,
			);
			name = GitDemoTests;
			productName = GitDemoTests;
			productReference = 62DF26D719CABE8200745DE4 /* GitDemoTests.xctest */;
			productType = "com.apple.product-type.bundle.unit-test";
		};
/* End PBXNativeTarget section */

/* Begin PBXProject section */
		62DF26AE19CABE8100745DE4 /* Project object */ = {
			isa = PBXProject;
			attributes = {
				LastUpgradeCheck = 0510;
				ORGANIZATIONNAME = Appcoda;
				TargetAttributes = {
					62DF26D619CABE8200745DE4 = {
						TestTargetID = 62DF26B519CABE8100745DE4;
					};
				};
			};
			buildConfigurationList = 62DF26B119CABE8100745DE4 /* Build configuration list for PBXProject "GitDemo" */;
			compatibilityVersion = "Xcode 3.2";
			developmentRegion = English;
			hasScannedForEncodings = 0;
			knownRegions = (
				en,
				Base,
			);
			mainGroup = 62DF26AD19CABE8100745DE4;
			productRefGroup = 62DF26B719CABE8100745DE4 /* Products */;
			projectDirPath = "";
			projectRoot = "";
			targets = (
				62DF26B519CABE8100745DE4 /* GitDemo */,
				62DF26D619CABE8200745DE4 /* GitDemoTests */,
			);
		};
/* End PBXProject section */

/* Begin PBXResourcesBuildPhase section */
		62DF26B419CABE8100745DE4 /* Resources */ = {
			isa = PBXResourcesBuildPhase;
			buildActionMask = 2147483647;
			files = (
				62DF26D219CABE8100745DE4 /* Images.xcassets in Resources */,
				62DF26C419CABE8100745DE4 /* InfoPlist.strings in Resources */,
				62DF26CD19CABE8100745DE4 /* Main.storyboard in Resources */,
			);
			runOnlyForDeploymentPostprocessing = 0;
		};
		62DF26D519CABE8200745DE4 /* Resources */ = {
			isa = PBXResourcesBuildPhase;
			buildActionMask = 2147483647;
			files = (
				62DF26E319CABE8200745DE4 /* InfoPlist.strings in Resources */,
			);
			runOnlyForDeploymentPostprocessing = 0;
		};
/* End PBXResourcesBuildPhase section */

/* Begin PBXSourcesBuildPhase section */
		62DF26B219CABE8100745DE4 /* Sources */ = {
			isa = PBXSourcesBuildPhase;
			buildActionMask = 2147483647;
			files = (
				62DF26F019CAC62000745DE4 /* TestClass.m in Sources */,
				62DF26D019CABE8100745DE4 /* ViewController.m in Sources */,
				62DF26CA19CABE8100745DE4 /* AppDelegate.m in Sources */,
				62DF26C619CABE8100745DE4 /* main.m in Sources */,
			);
			runOnlyForDeploymentPostprocessing = 0;
		};
		62DF26D319CABE8200745DE4 /* Sources */ = {
			isa = PBXSourcesBuildPhase;
			buildActionMask = 2147483647;
			files = (
				62DF26E519CABE8200745DE4 /* GitDemoTests.m in Sources */,
			);
			runOnlyForDeploymentPostprocessing = 0;
		};
/* End PBXSourcesBuildPhase section */

/* Begin PBXTargetDependency section */
		62DF26DD19CABE8200745DE4 /* PBXTargetDependency */ = {
			isa = PBXTargetDependency;
			target = 62DF26B519CABE8100745DE4 /* GitDemo */;
			targetProxy = 62DF26DC19CABE8200745DE4 /* PBXContainerItemProxy */;
		};
/* End PBXTargetDependency section */

/* Begin PBXVariantGroup section */
		62DF26C219CABE8100745DE4 /* InfoPlist.strings */ = {
			isa = PBXVariantGroup;
			children = (
				62DF26C319CABE8100745DE4 /* en */,
			);
			name = InfoPlist.strings;
			sourceTree = "<group>";
		};
		62DF26CB19CABE8100745DE4 /* Main.storyboard */ = {
			isa = PBXVariantGroup;
			children = (
				62DF26CC19CABE8100745DE4 /* Base */,
			);
			name = Main.storyboard;
			sourceTree = "<group>";
		};
		62DF26E119CABE8200745DE4 /* InfoPlist.strings */ = {
			isa = PBXVariantGroup;
			children = (
				62DF26E219CABE8200745DE4 /* en */,
			);
			name = InfoPlist.strings;
			sourceTree = "<group>";
		};
/* End PBXVariantGroup section */

/* Begin XCBuildConfiguration section */
		62DF26E619CABE8200745DE4 /* Debug */ = {
			isa = XCBuildConfiguration;
			buildSettings = {
				ALWAYS_SEARCH_USER_PATHS = NO;
				CLANG_CXX_LANGUAGE_STANDARD = "gnu++0x";
				CLANG_CXX_LIBRARY = "libc++";
				CLANG_ENABLE_MODULES = YES;
				CLANG_ENABLE_OBJC_ARC = YES;
				CLANG_WARN_BOOL_CONVERSION = YES;
				CLANG_WARN_CONSTANT_CONVERSION = YES;
				CLANG_WARN_DIRECT_OBJC_ISA_USAGE = YES_ERROR;
				CLANG_WARN_EMPTY_BODY = YES;
				CLANG_WARN_ENUM_CONVERSION = YES;
				CLANG_WARN_INT_CONVERSION = YES;
				CLANG_WARN_OBJC_ROOT_CLASS = YES_ERROR;
				CLANG_WARN__DUPLICATE_METHOD_MATCH = YES;
				"CODE_SIGN_IDENTITY[sdk=iphoneos*]" = "iPhone Developer";
				COPY_PHASE_STRIP = NO;
				GCC_C_LANGUAGE_STANDARD = gnu99;
				GCC_DYNAMIC_NO_PIC = NO;
				GCC_OPTIMIZATION_LEVEL = 0;
				GCC_PREPROCESSOR_DEFINITIONS = (
					"DEBUG=1",
					"$(inherited)",
				);
				GCC_SYMBOLS_PRIVATE_EXTERN = NO;
				GCC_WARN_64_TO_32_BIT_CONVERSION = YES;
				GCC_WARN_ABOUT_RETURN_TYPE = YES_ERROR;
				GCC_WARN_UNDECLARED_SELECTOR = YES;
				GCC_WARN_UNINITIALIZED_AUTOS = YES_AGGRESSIVE;
				GCC_WARN_UNUSED_FUNCTION = YES;
				GCC_WARN_UNUSED_VARIABLE = YES;
				IPHONEOS_DEPLOYMENT_TARGET = 7.1;
				ONLY_ACTIVE_ARCH = YES;
				SDKROOT = iphoneos;
			};
			name = Debug;
		};
		62DF26E719CABE8200745DE4 /* Release */ = {
			isa = XCBuildConfiguration;
			buildSettings = {
				ALWAYS_SEARCH_USER_PATHS = NO;
				CLANG_CXX_LANGUAGE_STANDARD = "gnu++0x";
				CLANG_CXX_LIBRARY = "libc++";
				CLANG_ENABLE_MODULES = YES;
				CLANG_ENABLE_OBJC_ARC = YES;
				CLANG_WARN_BOOL_CONVERSION = YES;
				CLANG_WARN_CONSTANT_CONVERSION = YES;
				CLANG_WARN_DIRECT_OBJC_ISA_USAGE = YES_ERROR;
				CLANG_WARN_EMPTY_BODY = YES;
				CLANG_WARN_ENUM_CONVERSION = YES;
				CLANG_WARN_INT_CONVERSION = YES;
				CLANG_WARN_OBJC_ROOT_CLASS = YES_ERROR;
				CLANG_WARN__DUPLICATE_METHOD_MATCH = YES;
				"CODE_SIGN_IDENTITY[sdk=iphoneos*]" = "iPhone Developer";
				COPY_PHASE_STRIP = YES;
				ENABLE_NS_ASSERTIONS = NO;
				GCC_C_LANGUAGE_STANDARD = gnu99;
				GCC_WARN_64_TO_32_BIT_CONVERSION = YES;
				GCC_WARN_ABOUT_RETURN_TYPE = YES_ERROR;
				GCC_WARN_UNDECLARED_SELECTOR = YES;
				GCC_WARN_UNINITIALIZED_AUTOS = YES_AGGRESSIVE;
				GCC_WARN_UNUSED_FUNCTION = YES;
				GCC_WARN_UNUSED_VARIABLE = YES;
				IPHONEOS_DEPLOYMENT_TARGET = 7.1;
				SDKROOT = iphoneos;
				VALIDATE_PRODUCT = YES;
			};
			name = Release;
		};
		62DF26E919CABE8200745DE4 /* Debug */ = {
			isa = XCBuildConfiguration;
			buildSettings = {
				ASSETCATALOG_COMPILER_APPICON_NAME = AppIcon;
				ASSETCATALOG_COMPILER_LAUNCHIMAGE_NAME = LaunchImage;
				GCC_PRECOMPILE_PREFIX_HEADER = YES;
				GCC_PREFIX_HEADER = "GitDemo/GitDemo-Prefix.pch";
				INFOPLIST_FILE = "GitDemo/GitDemo-Info.plist";
				PRODUCT_NAME = "$(TARGET_NAME)";
				WRAPPER_EXTENSION = app;
			};
			name = Debug;
		};
		62DF26EA19CABE8200745DE4 /* Release */ = {
			isa = XCBuildConfiguration;
			buildSettings = {
				ASSETCATALOG_COMPILER_APPICON_NAME = AppIcon;
				ASSETCATALOG_COMPILER_LAUNCHIMAGE_NAME = LaunchImage;
				GCC_PRECOMPILE_PREFIX_HEADER = YES;
				GCC_PREFIX_HEADER = "GitDemo/GitDemo-Prefix.pch";
				INFOPLIST_FILE = "GitDemo/GitDemo-Info.plist";
				PRODUCT_NAME = "$(TARGET_NAME)";
				WRAPPER_EXTENSION = app;
			};
			name = Release;
		};
		62DF26EC19CABE8200745DE4 /* Debug */ = {
			isa = XCBuildConfiguration;
			buildSettings = {
				BUNDLE_LOADER = "$(BUILT_PRODUCTS_DIR)/GitDemo.app/GitDemo";
				FRAMEWORK_SEARCH_PATHS = (
					"$(SDKROOT)/Developer/Library/Frameworks",
					"$(inherited)",
					"$(DEVELOPER_FRAMEWORKS_DIR)",
				);
				GCC_PRECOMPILE_PREFIX_HEADER = YES;
				GCC_PREFIX_HEADER = "GitDemo/GitDemo-Prefix.pch";
				GCC_PREPROCESSOR_DEFINITIONS = (
					"DEBUG=1",
					"$(inherited)",
				);
				INFOPLIST_FILE = "GitDemoTests/GitDemoTests-Info.plist";
				PRODUCT_NAME = "$(TARGET_NAME)";
				TEST_HOST = "$(BUNDLE_LOADER)";
				WRAPPER_EXTENSION = xctest;
			};
			name = Debug;
		};
		62DF26ED19CABE8200745DE4 /* Release */ = {
			isa = XCBuildConfiguration;
			buildSettings = {
				BUNDLE_LOADER = "$(BUILT_PRODUCTS_DIR)/GitDemo.app/GitDemo";
				FRAMEWORK_SEARCH_PATHS = (
					"$(SDKROOT)/Developer/Library/Frameworks",
					"$(inherited)",
					"$(DEVELOPER_FRAMEWORKS_DIR)",
				);
				GCC_PRECOMPILE_PREFIX_HEADER = YES;
				GCC_PREFIX_HEADER = "GitDemo/GitDemo-Prefix.pch";
				INFOPLIST_FILE = "GitDemoTests/GitDemoTests-Info.plist";
				PRODUCT_NAME = "$(TARGET_NAME)";
				TEST_HOST = "$(BUNDLE_LOADER)";
				WRAPPER_EXTENSION = xctest;
			};
			name = Release;
		};
/* End XCBuildConfiguration section */

/* Begin XCConfigurationList section */
		62DF26B119CABE8100745DE4 /* Build configuration list for PBXProject "GitDemo" */ = {
			isa = XCConfigurationList;
			buildConfigurations = (
				62DF26E619CABE8200745DE4 /* Debug */,
				62DF26E719CABE8200745DE4 /* Release */,
			);
			defaultConfigurationIsVisible = 0;
			defaultConfigurationName = Release;
		};
		62DF26E819CABE8200745DE4 /* Build configuration list for PBXNativeTarget "GitDemo" */ = {
			isa = XCConfigurationList;
			buildConfigurations = (
				62DF26E919CABE8200745DE4 /* Debug */,
				62DF26EA19CABE8200745DE4 /* Release */,
			);
			defaultConfigurationIsVisible = 0;
		};
		62DF26EB19CABE8200745DE4 /* Build configuration list for PBXNativeTarget "GitDemoTests" */ = {
			isa = XCConfigurationList;
			buildConfigurations = (
				62DF26EC19CABE8200745DE4 /* Debug */,
				62DF26ED19CABE8200745DE4 /* Release */,
			);
			defaultConfigurationIsVisible = 0;
		};
/* End XCConfigurationList section */
	};
	rootObject = 62DF26AE19CABE8100745DE4 /* Project object */;
}
